
Microsoft Visual Studio Solution File, Format Version 12.00
# Visual Studio Version 17
VisualStudioVersion = 17.7.34221.43
MinimumVisualStudioVersion = 10.0.40219.1
Project("{FAE04EC0-301F-11D3-BF4B-00C04F79EFBC}") = "EstruturaCondicional", "EstruturaCondicional\EstruturaCondicional.csproj", "{DF58DF87-C939-4365-B512-957B79A61825}"
EndProject
Global
	GlobalSection(SolutionConfigurationPlatforms) = preSolution
		Debug|Any CPU = Debug|Any CPU
		Release|Any CPU = Release|Any CPU
	EndGlobalSection
	GlobalSection(ProjectConfigurationPlatforms) = postSolution
		{DF58DF87-C939-4365-B512-957B79A61825}.Debug|Any CPU.ActiveCfg = Debug|Any CPU
		{DF58DF87-C939-4365-B512-957B79A61825}.Debug|Any CPU.Build.0 = Debug|Any CPU
		{DF58DF87-C939-4365-B512-957B79A61825}.Release|Any CPU.ActiveCfg = Release|Any CPU
		{DF58DF87-C939-4365-B512-957B79A61825}.Release|Any CPU.Build.0 = Release|Any CPU
	EndGlobalSection
	GlobalSection(SolutionProperties) = preSolution
		HideSolutionNode = FALSE
	EndGlobalSection
	GlobalSection(ExtensibilityGlobals) = postSolution
		SolutionGuid = {FD750EB5-0E0A-499E-BF1D-80C04F5809EB}
	EndGlobalSection
EndGlobal
